// !$*UTF8*$!
{
	archiveVersion = 1;
	classes = {
	};
	objectVersion = 46;
	objects = {

/* Begin PBXBuildFile section */
		3F1641201AB1D5AC002F0665 /* AppDelegate.swift in Sources */ = {isa = PBXBuildFile; fileRef = 3F16411F1AB1D5AC002F0665 /* AppDelegate.swift */; };
		3F1641221AB1D5AC002F0665 /* ViewController.swift in Sources */ = {isa = PBXBuildFile; fileRef = 3F1641211AB1D5AC002F0665 /* ViewController.swift */; };
		3F1641251AB1D5AC002F0665 /* Main.storyboard in Resources */ = {isa = PBXBuildFile; fileRef = 3F1641231AB1D5AC002F0665 /* Main.storyboard */; };
		3F16412A1AB1D5AC002F0665 /* LaunchScreen.xib in Resources */ = {isa = PBXBuildFile; fileRef = 3F1641281AB1D5AC002F0665 /* LaunchScreen.xib */; };
		3F1641361AB1D5AC002F0665 /* DataDownloaderTests.swift in Sources */ = {isa = PBXBuildFile; fileRef = 3F1641351AB1D5AC002F0665 /* DataDownloaderTests.swift */; };
		3F1FF12C1AD6045200EEF830 /* detailViewCell.swift in Sources */ = {isa = PBXBuildFile; fileRef = 3F1FF12B1AD6045200EEF830 /* detailViewCell.swift */; };
		3F2D2C221ADDDC7200042478 /* noContent.png in Resources */ = {isa = PBXBuildFile; fileRef = 3F2D2C211ADDDC7200042478 /* noContent.png */; };
		3F2D2C241ADDDEB400042478 /* Social.framework in Frameworks */ = {isa = PBXBuildFile; fileRef = 3F2D2C231ADDDEB400042478 /* Social.framework */; };
		3F545D8D1AD49816000DF92A /* searchDetailVC.swift in Sources */ = {isa = PBXBuildFile; fileRef = 3F545D8C1AD49816000DF92A /* searchDetailVC.swift */; };
		3F63F0DE1AD420B1003681D0 /* SwiftyJSON.swift in Sources */ = {isa = PBXBuildFile; fileRef = 3F63F0DD1AD420B1003681D0 /* SwiftyJSON.swift */; };
		3F9CFA751ADDE33200C920A1 /* favoritesViewController.swift in Sources */ = {isa = PBXBuildFile; fileRef = 3F9CFA741ADDE33200C920A1 /* favoritesViewController.swift */; };
		3F9CFA791ADDE46D00C920A1 /* favoritesViewCellTableViewCell.swift in Sources */ = {isa = PBXBuildFile; fileRef = 3F9CFA781ADDE46D00C920A1 /* favoritesViewCellTableViewCell.swift */; };
		3F9CFA7B1ADDF85200C920A1 /* CoreLocation.framework in Frameworks */ = {isa = PBXBuildFile; fileRef = 3F9CFA7A1ADDF85200C920A1 /* CoreLocation.framework */; };
		3F9CFA7D1ADDFCF700C920A1 /* Media.xcassets in Resources */ = {isa = PBXBuildFile; fileRef = 3F9CFA7C1ADDFCF700C920A1 /* Media.xcassets */; };
		3F9CFA7F1ADDFD8300C920A1 /* Icon-76@2x.png in Resources */ = {isa = PBXBuildFile; fileRef = 3F9CFA7E1ADDFD8300C920A1 /* Icon-76@2x.png */; };
		3FDBE5251AD3856800461BA2 /* MapKit.framework in Frameworks */ = {isa = PBXBuildFile; fileRef = 3FDBE5241AD3856800461BA2 /* MapKit.framework */; };
		3FDBE5291AD386CE00461BA2 /* MusicEvent.swift in Sources */ = {isa = PBXBuildFile; fileRef = 3FDBE5281AD386CE00461BA2 /* MusicEvent.swift */; };
		96D0BCDD1ADC852800EBFA61 /* MapViewController.swift in Sources */ = {isa = PBXBuildFile; fileRef = 96D0BCDC1ADC852800EBFA61 /* MapViewController.swift */; };
		96D0BCDF1ADC9E4400EBFA61 /* SavingMethods.swift in Sources */ = {isa = PBXBuildFile; fileRef = 96D0BCDE1ADC9E4400EBFA61 /* SavingMethods.swift */; };
/* End PBXBuildFile section */

/* Begin PBXContainerItemProxy section */
		3F1641301AB1D5AC002F0665 /* PBXContainerItemProxy */ = {
			isa = PBXContainerItemProxy;
			containerPortal = 3F1641121AB1D5AC002F0665 /* Project object */;
			proxyType = 1;
			remoteGlobalIDString = 3F1641191AB1D5AC002F0665;
			remoteInfo = DataDownloader;
		};
/* End PBXContainerItemProxy section */

/* Begin PBXFileReference section */
		3F16411A1AB1D5AC002F0665 /* DataDownloader.app */ = {isa = PBXFileReference; explicitFileType = wrapper.application; includeInIndex = 0; path = DataDownloader.app; sourceTree = BUILT_PRODUCTS_DIR; };
		3F16411E1AB1D5AC002F0665 /* Info.plist */ = {isa = PBXFileReference; lastKnownFileType = text.plist.xml; path = Info.plist; sourceTree = "<group>"; };
		3F16411F1AB1D5AC002F0665 /* AppDelegate.swift */ = {isa = PBXFileReference; lastKnownFileType = sourcecode.swift; path = AppDelegate.swift; sourceTree = "<group>"; };
		3F1641211AB1D5AC002F0665 /* ViewController.swift */ = {isa = PBXFileReference; lastKnownFileType = sourcecode.swift; name = ViewController.swift; path = DataDownloader/ViewController.swift; sourceTree = "<group>"; };
		3F1641241AB1D5AC002F0665 /* Base */ = {isa = PBXFileReference; lastKnownFileType = file.storyboard; name = Base; path = Base.lproj/Main.storyboard; sourceTree = "<group>"; };
		3F1641291AB1D5AC002F0665 /* Base */ = {isa = PBXFileReference; lastKnownFileType = file.xib; name = Base; path = Base.lproj/LaunchScreen.xib; sourceTree = "<group>"; };
		3F16412F1AB1D5AC002F0665 /* DataDownloaderTests.xctest */ = {isa = PBXFileReference; explicitFileType = wrapper.cfbundle; includeInIndex = 0; path = DataDownloaderTests.xctest; sourceTree = BUILT_PRODUCTS_DIR; };
		3F1641341AB1D5AC002F0665 /* Info.plist */ = {isa = PBXFileReference; lastKnownFileType = text.plist.xml; path = Info.plist; sourceTree = "<group>"; };
		3F1641351AB1D5AC002F0665 /* DataDownloaderTests.swift */ = {isa = PBXFileReference; lastKnownFileType = sourcecode.swift; path = DataDownloaderTests.swift; sourceTree = "<group>"; };
		3F1FF12B1AD6045200EEF830 /* detailViewCell.swift */ = {isa = PBXFileReference; fileEncoding = 4; lastKnownFileType = sourcecode.swift; path = detailViewCell.swift; sourceTree = "<group>"; };
		3F2D2C211ADDDC7200042478 /* noContent.png */ = {isa = PBXFileReference; lastKnownFileType = image.png; path = noContent.png; sourceTree = "<group>"; };
		3F2D2C231ADDDEB400042478 /* Social.framework */ = {isa = PBXFileReference; lastKnownFileType = wrapper.framework; name = Social.framework; path = System/Library/Frameworks/Social.framework; sourceTree = SDKROOT; };
		3F545D8C1AD49816000DF92A /* searchDetailVC.swift */ = {isa = PBXFileReference; fileEncoding = 4; lastKnownFileType = sourcecode.swift; path = searchDetailVC.swift; sourceTree = "<group>"; };
		3F63F0DD1AD420B1003681D0 /* SwiftyJSON.swift */ = {isa = PBXFileReference; fileEncoding = 4; lastKnownFileType = sourcecode.swift; path = SwiftyJSON.swift; sourceTree = "<group>"; };
		3F9CFA741ADDE33200C920A1 /* favoritesViewController.swift */ = {isa = PBXFileReference; fileEncoding = 4; lastKnownFileType = sourcecode.swift; path = favoritesViewController.swift; sourceTree = "<group>"; };
		3F9CFA781ADDE46D00C920A1 /* favoritesViewCellTableViewCell.swift */ = {isa = PBXFileReference; fileEncoding = 4; lastKnownFileType = sourcecode.swift; path = favoritesViewCellTableViewCell.swift; sourceTree = "<group>"; };
		3F9CFA7A1ADDF85200C920A1 /* CoreLocation.framework */ = {isa = PBXFileReference; lastKnownFileType = wrapper.framework; name = CoreLocation.framework; path = System/Library/Frameworks/CoreLocation.framework; sourceTree = SDKROOT; };
		3F9CFA7C1ADDFCF700C920A1 /* Media.xcassets */ = {isa = PBXFileReference; lastKnownFileType = folder.assetcatalog; path = Media.xcassets; sourceTree = "<group>"; };
		3F9CFA7E1ADDFD8300C920A1 /* Icon-76@2x.png */ = {isa = PBXFileReference; lastKnownFileType = image.png; path = "Icon-76@2x.png"; sourceTree = "<group>"; };
		3FDBE5241AD3856800461BA2 /* MapKit.framework */ = {isa = PBXFileReference; lastKnownFileType = wrapper.framework; name = MapKit.framework; path = System/Library/Frameworks/MapKit.framework; sourceTree = SDKROOT; };
		3FDBE5281AD386CE00461BA2 /* MusicEvent.swift */ = {isa = PBXFileReference; fileEncoding = 4; lastKnownFileType = sourcecode.swift; path = MusicEvent.swift; sourceTree = "<group>"; };
		96D0BCDC1ADC852800EBFA61 /* MapViewController.swift */ = {isa = PBXFileReference; fileEncoding = 4; lastKnownFileType = sourcecode.swift; path = MapViewController.swift; sourceTree = "<group>"; };
		96D0BCDE1ADC9E4400EBFA61 /* SavingMethods.swift */ = {isa = PBXFileReference; fileEncoding = 4; lastKnownFileType = sourcecode.swift; path = SavingMethods.swift; sourceTree = "<group>"; };
/* End PBXFileReference section */

/* Begin PBXFrameworksBuildPhase section */
		3F1641171AB1D5AC002F0665 /* Frameworks */ = {
			isa = PBXFrameworksBuildPhase;
			buildActionMask = 2147483647;
			files = (
				3F9CFA7B1ADDF85200C920A1 /* CoreLocation.framework in Frameworks */,
				3F2D2C241ADDDEB400042478 /* Social.framework in Frameworks */,
				3FDBE5251AD3856800461BA2 /* MapKit.framework in Frameworks */,
			);
			runOnlyForDeploymentPostprocessing = 0;
		};
		3F16412C1AB1D5AC002F0665 /* Frameworks */ = {
			isa = PBXFrameworksBuildPhase;
			buildActionMask = 2147483647;
			files = (
			);
			runOnlyForDeploymentPostprocessing = 0;
		};
/* End PBXFrameworksBuildPhase section */

/* Begin PBXGroup section */
		3F1641111AB1D5AC002F0665 = {
			isa = PBXGroup;
			children = (
				3F9CFA7A1ADDF85200C920A1 /* CoreLocation.framework */,
				3F2D2C231ADDDEB400042478 /* Social.framework */,
				3FDBE5241AD3856800461BA2 /* MapKit.framework */,
				3F16411C1AB1D5AC002F0665 /* DataDownloader */,
				3F1641321AB1D5AC002F0665 /* DataDownloaderTests */,
				3F16411B1AB1D5AC002F0665 /* Products */,
			);
			sourceTree = "<group>";
		};
		3F16411B1AB1D5AC002F0665 /* Products */ = {
			isa = PBXGroup;
			children = (
				3F16411A1AB1D5AC002F0665 /* DataDownloader.app */,
				3F16412F1AB1D5AC002F0665 /* DataDownloaderTests.xctest */,
			);
			name = Products;
			sourceTree = "<group>";
		};
		3F16411C1AB1D5AC002F0665 /* DataDownloader */ = {
			isa = PBXGroup;
			children = (
				3F16411F1AB1D5AC002F0665 /* AppDelegate.swift */,
				96D0BCDE1ADC9E4400EBFA61 /* SavingMethods.swift */,
				3F1FF12B1AD6045200EEF830 /* detailViewCell.swift */,
				3F9CFA781ADDE46D00C920A1 /* favoritesViewCellTableViewCell.swift */,
				3F63F0DC1AD4208D003681D0 /* Library */,
				3FDBE5271AD386B400461BA2 /* Model */,
				3FDBE5261AD3867F00461BA2 /* View Controllers */,
				3F1641231AB1D5AC002F0665 /* Main.storyboard */,
				3F2D2C201ADDDC3A00042478 /* Images */,
				3F9CFA7C1ADDFCF700C920A1 /* Media.xcassets */,
				3F1641281AB1D5AC002F0665 /* LaunchScreen.xib */,
				3F16411D1AB1D5AC002F0665 /* Supporting Files */,
			);
			path = DataDownloader;
			sourceTree = "<group>";
		};
		3F16411D1AB1D5AC002F0665 /* Supporting Files */ = {
			isa = PBXGroup;
			children = (
				3F16411E1AB1D5AC002F0665 /* Info.plist */,
			);
			name = "Supporting Files";
			sourceTree = "<group>";
		};
		3F1641321AB1D5AC002F0665 /* DataDownloaderTests */ = {
			isa = PBXGroup;
			children = (
				3F1641351AB1D5AC002F0665 /* DataDownloaderTests.swift */,
				3F1641331AB1D5AC002F0665 /* Supporting Files */,
			);
			path = DataDownloaderTests;
			sourceTree = "<group>";
		};
		3F1641331AB1D5AC002F0665 /* Supporting Files */ = {
			isa = PBXGroup;
			children = (
				3F1641341AB1D5AC002F0665 /* Info.plist */,
			);
			name = "Supporting Files";
			sourceTree = "<group>";
		};
		3F2D2C201ADDDC3A00042478 /* Images */ = {
			isa = PBXGroup;
			children = (
				3F9CFA7E1ADDFD8300C920A1 /* Icon-76@2x.png */,
				3F2D2C211ADDDC7200042478 /* noContent.png */,
			);
			name = Images;
			sourceTree = "<group>";
		};
		3F63F0DC1AD4208D003681D0 /* Library */ = {
			isa = PBXGroup;
			children = (
				3F63F0DD1AD420B1003681D0 /* SwiftyJSON.swift */,
			);
			name = Library;
			sourceTree = "<group>";
		};
		3FDBE5261AD3867F00461BA2 /* View Controllers */ = {
			isa = PBXGroup;
			children = (
				3F1641211AB1D5AC002F0665 /* ViewController.swift */,
				3F545D8C1AD49816000DF92A /* searchDetailVC.swift */,
				96D0BCDC1ADC852800EBFA61 /* MapViewController.swift */,
				3F9CFA741ADDE33200C920A1 /* favoritesViewController.swift */,
			);
			name = "View Controllers";
			path = ..;
			sourceTree = "<group>";
		};
		3FDBE5271AD386B400461BA2 /* Model */ = {
			isa = PBXGroup;
			children = (
				3FDBE5281AD386CE00461BA2 /* MusicEvent.swift */,
			);
			name = Model;
			sourceTree = "<group>";
		};
/* End PBXGroup section */

/* Begin PBXNativeTarget section */
		3F1641191AB1D5AC002F0665 /* DataDownloader */ = {
			isa = PBXNativeTarget;
			buildConfigurationList = 3F1641391AB1D5AC002F0665 /* Build configuration list for PBXNativeTarget "DataDownloader" */;
			buildPhases = (
				3F1641161AB1D5AC002F0665 /* Sources */,
				3F1641171AB1D5AC002F0665 /* Frameworks */,
				3F1641181AB1D5AC002F0665 /* Resources */,
			);
			buildRules = (
			);
			dependencies = (
			);
			name = DataDownloader;
			productName = DataDownloader;
			productReference = 3F16411A1AB1D5AC002F0665 /* DataDownloader.app */;
			productType = "com.apple.product-type.application";
		};
		3F16412E1AB1D5AC002F0665 /* DataDownloaderTests */ = {
			isa = PBXNativeTarget;
			buildConfigurationList = 3F16413C1AB1D5AC002F0665 /* Build configuration list for PBXNativeTarget "DataDownloaderTests" */;
			buildPhases = (
				3F16412B1AB1D5AC002F0665 /* Sources */,
				3F16412C1AB1D5AC002F0665 /* Frameworks */,
				3F16412D1AB1D5AC002F0665 /* Resources */,
			);
			buildRules = (
			);
			dependencies = (
				3F1641311AB1D5AC002F0665 /* PBXTargetDependency */,
			);
			name = DataDownloaderTests;
			productName = DataDownloaderTests;
			productReference = 3F16412F1AB1D5AC002F0665 /* DataDownloaderTests.xctest */;
			productType = "com.apple.product-type.bundle.unit-test";
		};
/* End PBXNativeTarget section */

/* Begin PBXProject section */
		3F1641121AB1D5AC002F0665 /* Project object */ = {
			isa = PBXProject;
			attributes = {
				LastUpgradeCheck = 0610;
				ORGANIZATIONNAME = Student;
				TargetAttributes = {
					3F1641191AB1D5AC002F0665 = {
						CreatedOnToolsVersion = 6.1;
						SystemCapabilities = {
							com.apple.Maps.iOS = {
								enabled = 1;
							};
						};
					};
					3F16412E1AB1D5AC002F0665 = {
						CreatedOnToolsVersion = 6.1;
						TestTargetID = 3F1641191AB1D5AC002F0665;
					};
				};
			};
			buildConfigurationList = 3F1641151AB1D5AC002F0665 /* Build configuration list for PBXProject "DataDownloader" */;
			compatibilityVersion = "Xcode 3.2";
			developmentRegion = English;
			hasScannedForEncodings = 0;
			knownRegions = (
				en,
				Base,
			);
			mainGroup = 3F1641111AB1D5AC002F0665;
			productRefGroup = 3F16411B1AB1D5AC002F0665 /* Products */;
			projectDirPath = "";
			projectRoot = "";
			targets = (
				3F1641191AB1D5AC002F0665 /* DataDownloader */,
				3F16412E1AB1D5AC002F0665 /* DataDownloaderTests */,
			);
		};
/* End PBXProject section */

/* Begin PBXResourcesBuildPhase section */
		3F1641181AB1D5AC002F0665 /* Resources */ = {
			isa = PBXResourcesBuildPhase;
			buildActionMask = 2147483647;
			files = (
				3F9CFA7D1ADDFCF700C920A1 /* Media.xcassets in Resources */,
				3F2D2C221ADDDC7200042478 /* noContent.png in Resources */,
				3F1641251AB1D5AC002F0665 /* Main.storyboard in Resources */,
				3F9CFA7F1ADDFD8300C920A1 /* Icon-76@2x.png in Resources */,
				3F16412A1AB1D5AC002F0665 /* LaunchScreen.xib in Resources */,
			);
			runOnlyForDeploymentPostprocessing = 0;
		};
		3F16412D1AB1D5AC002F0665 /* Resources */ = {
			isa = PBXResourcesBuildPhase;
			buildActionMask = 2147483647;
			files = (
			);
			runOnlyForDeploymentPostprocessing = 0;
		};
/* End PBXResourcesBuildPhase section */

/* Begin PBXSourcesBuildPhase section */
		3F1641161AB1D5AC002F0665 /* Sources */ = {
			isa = PBXSourcesBuildPhase;
			buildActionMask = 2147483647;
			files = (
				3F545D8D1AD49816000DF92A /* searchDetailVC.swift in Sources */,
				3FDBE5291AD386CE00461BA2 /* MusicEvent.swift in Sources */,
				96D0BCDF1ADC9E4400EBFA61 /* SavingMethods.swift in Sources */,
				3F1641221AB1D5AC002F0665 /* ViewController.swift in Sources */,
				3F1FF12C1AD6045200EEF830 /* detailViewCell.swift in Sources */,
				3F1641201AB1D5AC002F0665 /* AppDelegate.swift in Sources */,
				3F9CFA791ADDE46D00C920A1 /* favoritesViewCellTableViewCell.swift in Sources */,
				3F9CFA751ADDE33200C920A1 /* favoritesViewController.swift in Sources */,
				3F63F0DE1AD420B1003681D0 /* SwiftyJSON.swift in Sources */,
				96D0BCDD1ADC852800EBFA61 /* MapViewController.swift in Sources */,
			);
			runOnlyForDeploymentPostprocessing = 0;
		};
		3F16412B1AB1D5AC002F0665 /* Sources */ = {
			isa = PBXSourcesBuildPhase;
			buildActionMask = 2147483647;
			files = (
				3F1641361AB1D5AC002F0665 /* DataDownloaderTests.swift in Sources */,
			);
			runOnlyForDeploymentPostprocessing = 0;
		};
/* End PBXSourcesBuildPhase section */

/* Begin PBXTargetDependency section */
		3F1641311AB1D5AC002F0665 /* PBXTargetDependency */ = {
			isa = PBXTargetDependency;
			target = 3F1641191AB1D5AC002F0665 /* DataDownloader */;
			targetProxy = 3F1641301AB1D5AC002F0665 /* PBXContainerItemProxy */;
		};
/* End PBXTargetDependency section */

/* Begin PBXVariantGroup section */
		3F1641231AB1D5AC002F0665 /* Main.storyboard */ = {
			isa = PBXVariantGroup;
			children = (
				3F1641241AB1D5AC002F0665 /* Base */,
			);
			name = Main.storyboard;
			sourceTree = "<group>";
		};
		3F1641281AB1D5AC002F0665 /* LaunchScreen.xib */ = {
			isa = PBXVariantGroup;
			children = (
				3F1641291AB1D5AC002F0665 /* Base */,
			);
			name = LaunchScreen.xib;
			sourceTree = "<group>";
		};
/* End PBXVariantGroup section */

/* Begin XCBuildConfiguration section */
		3F1641371AB1D5AC002F0665 /* Debug */ = {
			isa = XCBuildConfiguration;
			buildSettings = {
				ALWAYS_SEARCH_USER_PATHS = NO;
				CLANG_CXX_LANGUAGE_STANDARD = "gnu++0x";
				CLANG_CXX_LIBRARY = "libc++";
				CLANG_ENABLE_MODULES = YES;
				CLANG_ENABLE_OBJC_ARC = YES;
				CLANG_WARN_BOOL_CONVERSION = YES;
				CLANG_WARN_CONSTANT_CONVERSION = YES;
				CLANG_WARN_DIRECT_OBJC_ISA_USAGE = YES_ERROR;
				CLANG_WARN_EMPTY_BODY = YES;
				CLANG_WARN_ENUM_CONVERSION = YES;
				CLANG_WARN_INT_CONVERSION = YES;
				CLANG_WARN_OBJC_ROOT_CLASS = YES_ERROR;
				CLANG_WARN_UNREACHABLE_CODE = YES;
				CLANG_WARN__DUPLICATE_METHOD_MATCH = YES;
				"CODE_SIGN_IDENTITY[sdk=iphoneos*]" = "iPhone Developer";
				COPY_PHASE_STRIP = NO;
				ENABLE_STRICT_OBJC_MSGSEND = YES;
				GCC_C_LANGUAGE_STANDARD = gnu99;
				GCC_DYNAMIC_NO_PIC = NO;
				GCC_OPTIMIZATION_LEVEL = 0;
				GCC_PREPROCESSOR_DEFINITIONS = (
					"DEBUG=1",
					"$(inherited)",
				);
				GCC_SYMBOLS_PRIVATE_EXTERN = NO;
				GCC_WARN_64_TO_32_BIT_CONVERSION = YES;
				GCC_WARN_ABOUT_RETURN_TYPE = YES_ERROR;
				GCC_WARN_UNDECLARED_SELECTOR = YES;
				GCC_WARN_UNINITIALIZED_AUTOS = YES_AGGRESSIVE;
				GCC_WARN_UNUSED_FUNCTION = YES;
				GCC_WARN_UNUSED_VARIABLE = YES;
				IPHONEOS_DEPLOYMENT_TARGET = 8.1;
				MTL_ENABLE_DEBUG_INFO = YES;
				ONLY_ACTIVE_ARCH = YES;
				SDKROOT = iphoneos;
				SWIFT_OPTIMIZATION_LEVEL = "-Onone";
			};
			name = Debug;
		};
		3F1641381AB1D5AC002F0665 /* Release */ = {
			isa = XCBuildConfiguration;
			buildSettings = {
				ALWAYS_SEARCH_USER_PATHS = NO;
				CLANG_CXX_LANGUAGE_STANDARD = "gnu++0x";
				CLANG_CXX_LIBRARY = "libc++";
				CLANG_ENABLE_MODULES = YES;
				CLANG_ENABLE_OBJC_ARC = YES;
				CLANG_WARN_BOOL_CONVERSION = YES;
				CLANG_WARN_CONSTANT_CONVERSION = YES;
				CLANG_WARN_DIRECT_OBJC_ISA_USAGE = YES_ERROR;
				CLANG_WARN_EMPTY_BODY = YES;
				CLANG_WARN_ENUM_CONVERSION = YES;
				CLANG_WARN_INT_CONVERSION = YES;
				CLANG_WARN_OBJC_ROOT_CLASS = YES_ERROR;
				CLANG_WARN_UNREACHABLE_CODE = YES;
				CLANG_WARN__DUPLICATE_METHOD_MATCH = YES;
				"CODE_SIGN_IDENTITY[sdk=iphoneos*]" = "iPhone Developer";
				COPY_PHASE_STRIP = YES;
				ENABLE_NS_ASSERTIONS = NO;
				ENABLE_STRICT_OBJC_MSGSEND = YES;
				GCC_C_LANGUAGE_STANDARD = gnu99;
				GCC_WARN_64_TO_32_BIT_CONVERSION = YES;
				GCC_WARN_ABOUT_RETURN_TYPE = YES_ERROR;
				GCC_WARN_UNDECLARED_SELECTOR = YES;
				GCC_WARN_UNINITIALIZED_AUTOS = YES_AGGRESSIVE;
				GCC_WARN_UNUSED_FUNCTION = YES;
				GCC_WARN_UNUSED_VARIABLE = YES;
				IPHONEOS_DEPLOYMENT_TARGET = 8.1;
				MTL_ENABLE_DEBUG_INFO = NO;
				SDKROOT = iphoneos;
				VALIDATE_PRODUCT = YES;
			};
			name = Release;
		};
		3F16413A1AB1D5AC002F0665 /* Debug */ = {
			isa = XCBuildConfiguration;
			buildSettings = {
				ASSETCATALOG_COMPILER_APPICON_NAME = AppIcon;
				INFOPLIST_FILE = DataDownloader/Info.plist;
				LD_RUNPATH_SEARCH_PATHS = "$(inherited) @executable_path/Frameworks";
				PRODUCT_NAME = "$(TARGET_NAME)";
				TARGETED_DEVICE_FAMILY = 1;
			};
			name = Debug;
		};
		3F16413B1AB1D5AC002F0665 /* Release */ = {
			isa = XCBuildConfiguration;
			buildSettings = {
				ASSETCATALOG_COMPILER_APPICON_NAME = AppIcon;
				INFOPLIST_FILE = DataDownloader/Info.plist;
				LD_RUNPATH_SEARCH_PATHS = "$(inherited) @executable_path/Frameworks";
				PRODUCT_NAME = "$(TARGET_NAME)";
				TARGETED_DEVICE_FAMILY = 1;
			};
			name = Release;
		};
		3F16413D1AB1D5AC002F0665 /* Debug */ = {
			isa = XCBuildConfiguration;
			buildSettings = {
				BUNDLE_LOADER = "$(TEST_HOST)";
				FRAMEWORK_SEARCH_PATHS = (
					"$(SDKROOT)/Developer/Library/Frameworks",
					"$(inherited)",
				);
				GCC_PREPROCESSOR_DEFINITIONS = (
					"DEBUG=1",
					"$(inherited)",
				);
				INFOPLIST_FILE = DataDownloaderTests/Info.plist;
				LD_RUNPATH_SEARCH_PATHS = "$(inherited) @executable_path/Frameworks @loader_path/Frameworks";
				PRODUCT_NAME = "$(TARGET_NAME)";
				TEST_HOST = "$(BUILT_PRODUCTS_DIR)/DataDownloader.app/DataDownloader";
			};
			name = Debug;
		};
		3F16413E1AB1D5AC002F0665 /* Release */ = {
			isa = XCBuildConfiguration;
			buildSettings = {
				BUNDLE_LOADER = "$(TEST_HOST)";
				FRAMEWORK_SEARCH_PATHS = (
					"$(SDKROOT)/Developer/Library/Frameworks",
					"$(inherited)",
				);
				INFOPLIST_FILE = DataDownloaderTests/Info.plist;
				LD_RUNPATH_SEARCH_PATHS = "$(inherited) @executable_path/Frameworks @loader_path/Frameworks";
				PRODUCT_NAME = "$(TARGET_NAME)";
				TEST_HOST = "$(BUILT_PRODUCTS_DIR)/DataDownloader.app/DataDownloader";
			};
			name = Release;
		};
/* End XCBuildConfiguration section */

/* Begin XCConfigurationList section */
		3F1641151AB1D5AC002F0665 /* Build configuration list for PBXProject "DataDownloader" */ = {
			isa = XCConfigurationList;
			buildConfigurations = (
				3F1641371AB1D5AC002F0665 /* Debug */,
				3F1641381AB1D5AC002F0665 /* Release */,
			);
			defaultConfigurationIsVisible = 0;
			defaultConfigurationName = Release;
		};
		3F1641391AB1D5AC002F0665 /* Build configuration list for PBXNativeTarget "DataDownloader" */ = {
			isa = XCConfigurationList;
			buildConfigurations = (
				3F16413A1AB1D5AC002F0665 /* Debug */,
				3F16413B1AB1D5AC002F0665 /* Release */,
			);
			defaultConfigurationIsVisible = 0;
			defaultConfigurationName = Release;
		};
		3F16413C1AB1D5AC002F0665 /* Build configuration list for PBXNativeTarget "DataDownloaderTests" */ = {
			isa = XCConfigurationList;
			buildConfigurations = (
				3F16413D1AB1D5AC002F0665 /* Debug */,
				3F16413E1AB1D5AC002F0665 /* Release */,
			);
			defaultConfigurationIsVisible = 0;
			defaultConfigurationName = Release;
		};
/* End XCConfigurationList section */
	};
	rootObject = 3F1641121AB1D5AC002F0665 /* Project object */;
}
